
Microsoft Visual Studio Solution File, Format Version 12.00
# Visual Studio 15
Project("{FAE04EC0-301F-11D3-BF4B-00C04F79EFBC}") = "chinesechree", "chinesechree\chinesechree.csproj", "{E97B3A08-5732-4F45-B652-6FE60B50204A}"
EndProject
Global
	GlobalSection(SolutionConfigurationPlatforms) = preSolution
		Debug|anycpu = Debug|anycpu
		Release|anycpu = Release|anycpu
	EndGlobalSection
	GlobalSection(ProjectConfigurationPlatforms) = postSolution
		{E97B3A08-5732-4F45-B652-6FE60B50204A}.Debug|anycpu.ActiveCfg = Debug|anycpu
		{E97B3A08-5732-4F45-B652-6FE60B50204A}.Debug|anycpu.Build.0 = Debug|anycpu
		{E97B3A08-5732-4F45-B652-6FE60B50204A}.Release|anycpu.ActiveCfg = Release|anycpu
		{E97B3A08-5732-4F45-B652-6FE60B50204A}.Release|anycpu.Build.0 = Release|anycpu
	EndGlobalSection
EndGlobal
